
Microsoft Visual Studio Solution File, Format Version 12.00
# Visual Studio Version 17
VisualStudioVersion = 17.0.31903.59
MinimumVisualStudioVersion = 10.0.40219.1
Project("{2150E333-8FDC-42A3-9474-1A3956D46DE8}") = "Services", "Services", "{5854FF58-B8C5-05C6-5BF2-ACE42193F22B}"
EndProject
Project("{FAE04EC0-301F-11D3-BF4B-00C04F79EFBC}") = "UserService", "Services\UserService\UserService.csproj", "{8D8105A3-6420-4A12-881C-C9D6A8EB29FC}"
EndProject
Project("{FAE04EC0-301F-11D3-BF4B-00C04F79EFBC}") = "WritingService", "Services\WritingService\WritingService.csproj", "{184432B7-DCA9-482D-9D35-A60717912C6C}"
EndProject
Project("{FAE04EC0-301F-11D3-BF4B-00C04F79EFBC}") = "CommunityService", "Services\CommunityService\CommunityService.csproj", "{3542FE8D-57C6-48A9-BE4B-987EE8ABB1B3}"
EndProject
Project("{FAE04EC0-301F-11D3-BF4B-00C04F79EFBC}") = "AIService", "Services\AIService\AIService.csproj", "{AE4AD8B1-43D5-4E72-AFAE-DD1BD98966B6}"
EndProject
Project("{FAE04EC0-301F-11D3-BF4B-00C04F79EFBC}") = "PaymentService", "Services\PaymentService\PaymentService.csproj", "{E30C1CA1-5DFB-4357-9C3F-FD7CA458E6D0}"
EndProject
Project("{FAE04EC0-301F-11D3-BF4B-00C04F79EFBC}") = "ChatService", "Services\ChatService\ChatService.csproj", "{477D48FF-B766-4A7B-9D94-EDA1056D461E}"
EndProject
Project("{FAE04EC0-301F-11D3-BF4B-00C04F79EFBC}") = "FileService", "Services\FileService\FileService.csproj", "{457408AB-8B57-4907-A326-2F7D140AEBFD}"
EndProject
Project("{FAE04EC0-301F-11D3-BF4B-00C04F79EFBC}") = "SearchService", "Services\SearchService\SearchService.csproj", "{A18A3163-6136-4FA0-AD33-4FB5982F549C}"
EndProject
Project("{FAE04EC0-301F-11D3-BF4B-00C04F79EFBC}") = "FriendshipService", "Services\FriendshipService\FriendshipService.csproj", "{1C0DC8DE-CD82-4717-9486-6AC307FB78E9}"
EndProject
Project("{FAE04EC0-301F-11D3-BF4B-00C04F79EFBC}") = "NotificationService", "Services\NotificationService\NotificationService.csproj", "{FF684931-DF41-4D46-8A34-4BE1D4ECB494}"
EndProject
Project("{2150E333-8FDC-42A3-9474-1A3956D46DE8}") = "Shared", "Shared", "{4F52FD11-658E-A102-6CD3-7D7C16FFA15B}"
EndProject
Project("{FAE04EC0-301F-11D3-BF4B-00C04F79EFBC}") = "Shared.Core", "Shared\Shared.Core\Shared.Core.csproj", "{262BDA89-C47E-488B-90FB-E679665E7C60}"
EndProject
Project("{FAE04EC0-301F-11D3-BF4B-00C04F79EFBC}") = "Shared.Models", "Shared\Shared.Models\Shared.Models.csproj", "{E31F37BE-77B9-4EAE-A2F5-C9C064E4F74D}"
EndProject
Project("{FAE04EC0-301F-11D3-BF4B-00C04F79EFBC}") = "Shared.Infrastructure", "Shared\Shared.Infrastructure\Shared.Infrastructure.csproj", "{9DAD5E17-1804-46A7-9A2F-CF019F5BE635}"
EndProject
Project("{2150E333-8FDC-42A3-9474-1A3956D46DE8}") = "Tests", "Tests", "{0AB3BF05-4346-4AA6-1389-037BE0695223}"
EndProject
Project("{FAE04EC0-301F-11D3-BF4B-00C04F79EFBC}") = "UserService.Tests", "Tests\UserService.Tests\UserService.Tests.csproj", "{65F89595-5248-4994-80DB-C175AE664ACE}"
EndProject
Global
	GlobalSection(SolutionConfigurationPlatforms) = preSolution
		Debug|Any CPU = Debug|Any CPU
		Debug|x64 = Debug|x64
		Debug|x86 = Debug|x86
		Release|Any CPU = Release|Any CPU
		Release|x64 = Release|x64
		Release|x86 = Release|x86
	EndGlobalSection
	GlobalSection(ProjectConfigurationPlatforms) = postSolution
		{8D8105A3-6420-4A12-881C-C9D6A8EB29FC}.Debug|Any CPU.ActiveCfg = Debug|Any CPU
		{8D8105A3-6420-4A12-881C-C9D6A8EB29FC}.Debug|Any CPU.Build.0 = Debug|Any CPU
		{8D8105A3-6420-4A12-881C-C9D6A8EB29FC}.Debug|x64.ActiveCfg = Debug|Any CPU
		{8D8105A3-6420-4A12-881C-C9D6A8EB29FC}.Debug|x64.Build.0 = Debug|Any CPU
		{8D8105A3-6420-4A12-881C-C9D6A8EB29FC}.Debug|x86.ActiveCfg = Debug|Any CPU
		{8D8105A3-6420-4A12-881C-C9D6A8EB29FC}.Debug|x86.Build.0 = Debug|Any CPU
		{8D8105A3-6420-4A12-881C-C9D6A8EB29FC}.Release|Any CPU.ActiveCfg = Release|Any CPU
		{8D8105A3-6420-4A12-881C-C9D6A8EB29FC}.Release|Any CPU.Build.0 = Release|Any CPU
		{8D8105A3-6420-4A12-881C-C9D6A8EB29FC}.Release|x64.ActiveCfg = Release|Any CPU
		{8D8105A3-6420-4A12-881C-C9D6A8EB29FC}.Release|x64.Build.0 = Release|Any CPU
		{8D8105A3-6420-4A12-881C-C9D6A8EB29FC}.Release|x86.ActiveCfg = Release|Any CPU
		{8D8105A3-6420-4A12-881C-C9D6A8EB29FC}.Release|x86.Build.0 = Release|Any CPU
		{184432B7-DCA9-482D-9D35-A60717912C6C}.Debug|Any CPU.ActiveCfg = Debug|Any CPU
		{184432B7-DCA9-482D-9D35-A60717912C6C}.Debug|Any CPU.Build.0 = Debug|Any CPU
		{184432B7-DCA9-482D-9D35-A60717912C6C}.Debug|x64.ActiveCfg = Debug|Any CPU
		{184432B7-DCA9-482D-9D35-A60717912C6C}.Debug|x64.Build.0 = Debug|Any CPU
		{184432B7-DCA9-482D-9D35-A60717912C6C}.Debug|x86.ActiveCfg = Debug|Any CPU
		{184432B7-DCA9-482D-9D35-A60717912C6C}.Debug|x86.Build.0 = Debug|Any CPU
		{184432B7-DCA9-482D-9D35-A60717912C6C}.Release|Any CPU.ActiveCfg = Release|Any CPU
		{184432B7-DCA9-482D-9D35-A60717912C6C}.Release|Any CPU.Build.0 = Release|Any CPU
		{184432B7-DCA9-482D-9D35-A60717912C6C}.Release|x64.ActiveCfg = Release|Any CPU
		{184432B7-DCA9-482D-9D35-A60717912C6C}.Release|x64.Build.0 = Release|Any CPU
		{184432B7-DCA9-482D-9D35-A60717912C6C}.Release|x86.ActiveCfg = Release|Any CPU
		{184432B7-DCA9-482D-9D35-A60717912C6C}.Release|x86.Build.0 = Release|Any CPU
		{3542FE8D-57C6-48A9-BE4B-987EE8ABB1B3}.Debug|Any CPU.ActiveCfg = Debug|Any CPU
		{3542FE8D-57C6-48A9-BE4B-987EE8ABB1B3}.Debug|Any CPU.Build.0 = Debug|Any CPU
		{3542FE8D-57C6-48A9-BE4B-987EE8ABB1B3}.Debug|x64.ActiveCfg = Debug|Any CPU
		{3542FE8D-57C6-48A9-BE4B-987EE8ABB1B3}.Debug|x64.Build.0 = Debug|Any CPU
		{3542FE8D-57C6-48A9-BE4B-987EE8ABB1B3}.Debug|x86.ActiveCfg = Debug|Any CPU
		{3542FE8D-57C6-48A9-BE4B-987EE8ABB1B3}.Debug|x86.Build.0 = Debug|Any CPU
		{3542FE8D-57C6-48A9-BE4B-987EE8ABB1B3}.Release|Any CPU.ActiveCfg = Release|Any CPU
		{3542FE8D-57C6-48A9-BE4B-987EE8ABB1B3}.Release|Any CPU.Build.0 = Release|Any CPU
		{3542FE8D-57C6-48A9-BE4B-987EE8ABB1B3}.Release|x64.ActiveCfg = Release|Any CPU
		{3542FE8D-57C6-48A9-BE4B-987EE8ABB1B3}.Release|x64.Build.0 = Release|Any CPU
		{3542FE8D-57C6-48A9-BE4B-987EE8ABB1B3}.Release|x86.ActiveCfg = Release|Any CPU
		{3542FE8D-57C6-48A9-BE4B-987EE8ABB1B3}.Release|x86.Build.0 = Release|Any CPU
		{AE4AD8B1-43D5-4E72-AFAE-DD1BD98966B6}.Debug|Any CPU.ActiveCfg = Debug|Any CPU
		{AE4AD8B1-43D5-4E72-AFAE-DD1BD98966B6}.Debug|Any CPU.Build.0 = Debug|Any CPU
		{AE4AD8B1-43D5-4E72-AFAE-DD1BD98966B6}.Debug|x64.ActiveCfg = Debug|Any CPU
		{AE4AD8B1-43D5-4E72-AFAE-DD1BD98966B6}.Debug|x64.Build.0 = Debug|Any CPU
		{AE4AD8B1-43D5-4E72-AFAE-DD1BD98966B6}.Debug|x86.ActiveCfg = Debug|Any CPU
		{AE4AD8B1-43D5-4E72-AFAE-DD1BD98966B6}.Debug|x86.Build.0 = Debug|Any CPU
		{AE4AD8B1-43D5-4E72-AFAE-DD1BD98966B6}.Release|Any CPU.ActiveCfg = Release|Any CPU
		{AE4AD8B1-43D5-4E72-AFAE-DD1BD98966B6}.Release|Any CPU.Build.0 = Release|Any CPU
		{AE4AD8B1-43D5-4E72-AFAE-DD1BD98966B6}.Release|x64.ActiveCfg = Release|Any CPU
		{AE4AD8B1-43D5-4E72-AFAE-DD1BD98966B6}.Release|x64.Build.0 = Release|Any CPU
		{AE4AD8B1-43D5-4E72-AFAE-DD1BD98966B6}.Release|x86.ActiveCfg = Release|Any CPU
		{AE4AD8B1-43D5-4E72-AFAE-DD1BD98966B6}.Release|x86.Build.0 = Release|Any CPU
		{E30C1CA1-5DFB-4357-9C3F-FD7CA458E6D0}.Debug|Any CPU.ActiveCfg = Debug|Any CPU
		{E30C1CA1-5DFB-4357-9C3F-FD7CA458E6D0}.Debug|Any CPU.Build.0 = Debug|Any CPU
		{E30C1CA1-5DFB-4357-9C3F-FD7CA458E6D0}.Debug|x64.ActiveCfg = Debug|Any CPU
		{E30C1CA1-5DFB-4357-9C3F-FD7CA458E6D0}.Debug|x64.Build.0 = Debug|Any CPU
		{E30C1CA1-5DFB-4357-9C3F-FD7CA458E6D0}.Debug|x86.ActiveCfg = Debug|Any CPU
		{E30C1CA1-5DFB-4357-9C3F-FD7CA458E6D0}.Debug|x86.Build.0 = Debug|Any CPU
		{E30C1CA1-5DFB-4357-9C3F-FD7CA458E6D0}.Release|Any CPU.ActiveCfg = Release|Any CPU
		{E30C1CA1-5DFB-4357-9C3F-FD7CA458E6D0}.Release|Any CPU.Build.0 = Release|Any CPU
		{E30C1CA1-5DFB-4357-9C3F-FD7CA458E6D0}.Release|x64.ActiveCfg = Release|Any CPU
		{E30C1CA1-5DFB-4357-9C3F-FD7CA458E6D0}.Release|x64.Build.0 = Release|Any CPU
		{E30C1CA1-5DFB-4357-9C3F-FD7CA458E6D0}.Release|x86.ActiveCfg = Release|Any CPU
		{E30C1CA1-5DFB-4357-9C3F-FD7CA458E6D0}.Release|x86.Build.0 = Release|Any CPU
		{477D48FF-B766-4A7B-9D94-EDA1056D461E}.Debug|Any CPU.ActiveCfg = Debug|Any CPU
		{477D48FF-B766-4A7B-9D94-EDA1056D461E}.Debug|Any CPU.Build.0 = Debug|Any CPU
		{477D48FF-B766-4A7B-9D94-EDA1056D461E}.Debug|x64.ActiveCfg = Debug|Any CPU
		{477D48FF-B766-4A7B-9D94-EDA1056D461E}.Debug|x64.Build.0 = Debug|Any CPU
		{477D48FF-B766-4A7B-9D94-EDA1056D461E}.Debug|x86.ActiveCfg = Debug|Any CPU
		{477D48FF-B766-4A7B-9D94-EDA1056D461E}.Debug|x86.Build.0 = Debug|Any CPU
		{477D48FF-B766-4A7B-9D94-EDA1056D461E}.Release|Any CPU.ActiveCfg = Release|Any CPU
		{477D48FF-B766-4A7B-9D94-EDA1056D461E}.Release|Any CPU.Build.0 = Release|Any CPU
		{477D48FF-B766-4A7B-9D94-EDA1056D461E}.Release|x64.ActiveCfg = Release|Any CPU
		{477D48FF-B766-4A7B-9D94-EDA1056D461E}.Release|x64.Build.0 = Release|Any CPU
		{477D48FF-B766-4A7B-9D94-EDA1056D461E}.Release|x86.ActiveCfg = Release|Any CPU
		{477D48FF-B766-4A7B-9D94-EDA1056D461E}.Release|x86.Build.0 = Release|Any CPU
		{457408AB-8B57-4907-A326-2F7D140AEBFD}.Debug|Any CPU.ActiveCfg = Debug|Any CPU
		{457408AB-8B57-4907-A326-2F7D140AEBFD}.Debug|Any CPU.Build.0 = Debug|Any CPU
		{457408AB-8B57-4907-A326-2F7D140AEBFD}.Debug|x64.ActiveCfg = Debug|Any CPU
		{457408AB-8B57-4907-A326-2F7D140AEBFD}.Debug|x64.Build.0 = Debug|Any CPU
		{457408AB-8B57-4907-A326-2F7D140AEBFD}.Debug|x86.ActiveCfg = Debug|Any CPU
		{457408AB-8B57-4907-A326-2F7D140AEBFD}.Debug|x86.Build.0 = Debug|Any CPU
		{457408AB-8B57-4907-A326-2F7D140AEBFD}.Release|Any CPU.ActiveCfg = Release|Any CPU
		{457408AB-8B57-4907-A326-2F7D140AEBFD}.Release|Any CPU.Build.0 = Release|Any CPU
		{457408AB-8B57-4907-A326-2F7D140AEBFD}.Release|x64.ActiveCfg = Release|Any CPU
		{457408AB-8B57-4907-A326-2F7D140AEBFD}.Release|x64.Build.0 = Release|Any CPU
		{457408AB-8B57-4907-A326-2F7D140AEBFD}.Release|x86.ActiveCfg = Release|Any CPU
		{457408AB-8B57-4907-A326-2F7D140AEBFD}.Release|x86.Build.0 = Release|Any CPU
		{A18A3163-6136-4FA0-AD33-4FB5982F549C}.Debug|Any CPU.ActiveCfg = Debug|Any CPU
		{A18A3163-6136-4FA0-AD33-4FB5982F549C}.Debug|Any CPU.Build.0 = Debug|Any CPU
		{A18A3163-6136-4FA0-AD33-4FB5982F549C}.Debug|x64.ActiveCfg = Debug|Any CPU
		{A18A3163-6136-4FA0-AD33-4FB5982F549C}.Debug|x64.Build.0 = Debug|Any CPU
		{A18A3163-6136-4FA0-AD33-4FB5982F549C}.Debug|x86.ActiveCfg = Debug|Any CPU
		{A18A3163-6136-4FA0-AD33-4FB5982F549C}.Debug|x86.Build.0 = Debug|Any CPU
		{A18A3163-6136-4FA0-AD33-4FB5982F549C}.Release|Any CPU.ActiveCfg = Release|Any CPU
		{A18A3163-6136-4FA0-AD33-4FB5982F549C}.Release|Any CPU.Build.0 = Release|Any CPU
		{A18A3163-6136-4FA0-AD33-4FB5982F549C}.Release|x64.ActiveCfg = Release|Any CPU
		{A18A3163-6136-4FA0-AD33-4FB5982F549C}.Release|x64.Build.0 = Release|Any CPU
		{A18A3163-6136-4FA0-AD33-4FB5982F549C}.Release|x86.ActiveCfg = Release|Any CPU
		{A18A3163-6136-4FA0-AD33-4FB5982F549C}.Release|x86.Build.0 = Release|Any CPU
		{1C0DC8DE-CD82-4717-9486-6AC307FB78E9}.Debug|Any CPU.ActiveCfg = Debug|Any CPU
		{1C0DC8DE-CD82-4717-9486-6AC307FB78E9}.Debug|Any CPU.Build.0 = Debug|Any CPU
		{1C0DC8DE-CD82-4717-9486-6AC307FB78E9}.Debug|x64.ActiveCfg = Debug|Any CPU
		{1C0DC8DE-CD82-4717-9486-6AC307FB78E9}.Debug|x64.Build.0 = Debug|Any CPU
		{1C0DC8DE-CD82-4717-9486-6AC307FB78E9}.Debug|x86.ActiveCfg = Debug|Any CPU
		{1C0DC8DE-CD82-4717-9486-6AC307FB78E9}.Debug|x86.Build.0 = Debug|Any CPU
		{1C0DC8DE-CD82-4717-9486-6AC307FB78E9}.Release|Any CPU.ActiveCfg = Release|Any CPU
		{1C0DC8DE-CD82-4717-9486-6AC307FB78E9}.Release|Any CPU.Build.0 = Release|Any CPU
		{1C0DC8DE-CD82-4717-9486-6AC307FB78E9}.Release|x64.ActiveCfg = Release|Any CPU
		{1C0DC8DE-CD82-4717-9486-6AC307FB78E9}.Release|x64.Build.0 = Release|Any CPU
		{1C0DC8DE-CD82-4717-9486-6AC307FB78E9}.Release|x86.ActiveCfg = Release|Any CPU
		{1C0DC8DE-CD82-4717-9486-6AC307FB78E9}.Release|x86.Build.0 = Release|Any CPU
		{FF684931-DF41-4D46-8A34-4BE1D4ECB494}.Debug|Any CPU.ActiveCfg = Debug|Any CPU
		{FF684931-DF41-4D46-8A34-4BE1D4ECB494}.Debug|Any CPU.Build.0 = Debug|Any CPU
		{FF684931-DF41-4D46-8A34-4BE1D4ECB494}.Debug|x64.ActiveCfg = Debug|Any CPU
		{FF684931-DF41-4D46-8A34-4BE1D4ECB494}.Debug|x64.Build.0 = Debug|Any CPU
		{FF684931-DF41-4D46-8A34-4BE1D4ECB494}.Debug|x86.ActiveCfg = Debug|Any CPU
		{FF684931-DF41-4D46-8A34-4BE1D4ECB494}.Debug|x86.Build.0 = Debug|Any CPU
		{FF684931-DF41-4D46-8A34-4BE1D4ECB494}.Release|Any CPU.ActiveCfg = Release|Any CPU
		{FF684931-DF41-4D46-8A34-4BE1D4ECB494}.Release|Any CPU.Build.0 = Release|Any CPU
		{FF684931-DF41-4D46-8A34-4BE1D4ECB494}.Release|x64.ActiveCfg = Release|Any CPU
		{FF684931-DF41-4D46-8A34-4BE1D4ECB494}.Release|x64.Build.0 = Release|Any CPU
		{FF684931-DF41-4D46-8A34-4BE1D4ECB494}.Release|x86.ActiveCfg = Release|Any CPU
		{FF684931-DF41-4D46-8A34-4BE1D4ECB494}.Release|x86.Build.0 = Release|Any CPU
		{262BDA89-C47E-488B-90FB-E679665E7C60}.Debug|Any CPU.ActiveCfg = Debug|Any CPU
		{262BDA89-C47E-488B-90FB-E679665E7C60}.Debug|Any CPU.Build.0 = Debug|Any CPU
		{262BDA89-C47E-488B-90FB-E679665E7C60}.Debug|x64.ActiveCfg = Debug|Any CPU
		{262BDA89-C47E-488B-90FB-E679665E7C60}.Debug|x64.Build.0 = Debug|Any CPU
		{262BDA89-C47E-488B-90FB-E679665E7C60}.Debug|x86.ActiveCfg = Debug|Any CPU
		{262BDA89-C47E-488B-90FB-E679665E7C60}.Debug|x86.Build.0 = Debug|Any CPU
		{262BDA89-C47E-488B-90FB-E679665E7C60}.Release|Any CPU.ActiveCfg = Release|Any CPU
		{262BDA89-C47E-488B-90FB-E679665E7C60}.Release|Any CPU.Build.0 = Release|Any CPU
		{262BDA89-C47E-488B-90FB-E679665E7C60}.Release|x64.ActiveCfg = Release|Any CPU
		{262BDA89-C47E-488B-90FB-E679665E7C60}.Release|x64.Build.0 = Release|Any CPU
		{262BDA89-C47E-488B-90FB-E679665E7C60}.Release|x86.ActiveCfg = Release|Any CPU
		{262BDA89-C47E-488B-90FB-E679665E7C60}.Release|x86.Build.0 = Release|Any CPU
		{E31F37BE-77B9-4EAE-A2F5-C9C064E4F74D}.Debug|Any CPU.ActiveCfg = Debug|Any CPU
		{E31F37BE-77B9-4EAE-A2F5-C9C064E4F74D}.Debug|Any CPU.Build.0 = Debug|Any CPU
		{E31F37BE-77B9-4EAE-A2F5-C9C064E4F74D}.Debug|x64.ActiveCfg = Debug|Any CPU
		{E31F37BE-77B9-4EAE-A2F5-C9C064E4F74D}.Debug|x64.Build.0 = Debug|Any CPU
		{E31F37BE-77B9-4EAE-A2F5-C9C064E4F74D}.Debug|x86.ActiveCfg = Debug|Any CPU
		{E31F37BE-77B9-4EAE-A2F5-C9C064E4F74D}.Debug|x86.Build.0 = Debug|Any CPU
		{E31F37BE-77B9-4EAE-A2F5-C9C064E4F74D}.Release|Any CPU.ActiveCfg = Release|Any CPU
		{E31F37BE-77B9-4EAE-A2F5-C9C064E4F74D}.Release|Any CPU.Build.0 = Release|Any CPU
		{E31F37BE-77B9-4EAE-A2F5-C9C064E4F74D}.Release|x64.ActiveCfg = Release|Any CPU
		{E31F37BE-77B9-4EAE-A2F5-C9C064E4F74D}.Release|x64.Build.0 = Release|Any CPU
		{E31F37BE-77B9-4EAE-A2F5-C9C064E4F74D}.Release|x86.ActiveCfg = Release|Any CPU
		{E31F37BE-77B9-4EAE-A2F5-C9C064E4F74D}.Release|x86.Build.0 = Release|Any CPU
		{9DAD5E17-1804-46A7-9A2F-CF019F5BE635}.Debug|Any CPU.ActiveCfg = Debug|Any CPU
		{9DAD5E17-1804-46A7-9A2F-CF019F5BE635}.Debug|Any CPU.Build.0 = Debug|Any CPU
		{9DAD5E17-1804-46A7-9A2F-CF019F5BE635}.Debug|x64.ActiveCfg = Debug|Any CPU
		{9DAD5E17-1804-46A7-9A2F-CF019F5BE635}.Debug|x64.Build.0 = Debug|Any CPU
		{9DAD5E17-1804-46A7-9A2F-CF019F5BE635}.Debug|x86.ActiveCfg = Debug|Any CPU
		{9DAD5E17-1804-46A7-9A2F-CF019F5BE635}.Debug|x86.Build.0 = Debug|Any CPU
		{9DAD5E17-1804-46A7-9A2F-CF019F5BE635}.Release|Any CPU.ActiveCfg = Release|Any CPU
		{9DAD5E17-1804-46A7-9A2F-CF019F5BE635}.Release|Any CPU.Build.0 = Release|Any CPU
		{9DAD5E17-1804-46A7-9A2F-CF019F5BE635}.Release|x64.ActiveCfg = Release|Any CPU
		{9DAD5E17-1804-46A7-9A2F-CF019F5BE635}.Release|x64.Build.0 = Release|Any CPU
		{9DAD5E17-1804-46A7-9A2F-CF019F5BE635}.Release|x86.ActiveCfg = Release|Any CPU
		{9DAD5E17-1804-46A7-9A2F-CF019F5BE635}.Release|x86.Build.0 = Release|Any CPU
		{65F89595-5248-4994-80DB-C175AE664ACE}.Debug|Any CPU.ActiveCfg = Debug|Any CPU
		{65F89595-5248-4994-80DB-C175AE664ACE}.Debug|Any CPU.Build.0 = Debug|Any CPU
		{65F89595-5248-4994-80DB-C175AE664ACE}.Debug|x64.ActiveCfg = Debug|Any CPU
		{65F89595-5248-4994-80DB-C175AE664ACE}.Debug|x64.Build.0 = Debug|Any CPU
		{65F89595-5248-4994-80DB-C175AE664ACE}.Debug|x86.ActiveCfg = Debug|Any CPU
		{65F89595-5248-4994-80DB-C175AE664ACE}.Debug|x86.Build.0 = Debug|Any CPU
		{65F89595-5248-4994-80DB-C175AE664ACE}.Release|Any CPU.ActiveCfg = Release|Any CPU
		{65F89595-5248-4994-80DB-C175AE664ACE}.Release|Any CPU.Build.0 = Release|Any CPU
		{65F89595-5248-4994-80DB-C175AE664ACE}.Release|x64.ActiveCfg = Release|Any CPU
		{65F89595-5248-4994-80DB-C175AE664ACE}.Release|x64.Build.0 = Release|Any CPU
		{65F89595-5248-4994-80DB-C175AE664ACE}.Release|x86.ActiveCfg = Release|Any CPU
		{65F89595-5248-4994-80DB-C175AE664ACE}.Release|x86.Build.0 = Release|Any CPU
	EndGlobalSection
	GlobalSection(SolutionProperties) = preSolution
		HideSolutionNode = FALSE
	EndGlobalSection
	GlobalSection(NestedProjects) = preSolution
		{8D8105A3-6420-4A12-881C-C9D6A8EB29FC} = {5854FF58-B8C5-05C6-5BF2-ACE42193F22B}
		{184432B7-DCA9-482D-9D35-A60717912C6C} = {5854FF58-B8C5-05C6-5BF2-ACE42193F22B}
		{3542FE8D-57C6-48A9-BE4B-987EE8ABB1B3} = {5854FF58-B8C5-05C6-5BF2-ACE42193F22B}
		{AE4AD8B1-43D5-4E72-AFAE-DD1BD98966B6} = {5854FF58-B8C5-05C6-5BF2-ACE42193F22B}
		{E30C1CA1-5DFB-4357-9C3F-FD7CA458E6D0} = {5854FF58-B8C5-05C6-5BF2-ACE42193F22B}
		{477D48FF-B766-4A7B-9D94-EDA1056D461E} = {5854FF58-B8C5-05C6-5BF2-ACE42193F22B}
		{457408AB-8B57-4907-A326-2F7D140AEBFD} = {5854FF58-B8C5-05C6-5BF2-ACE42193F22B}
		{A18A3163-6136-4FA0-AD33-4FB5982F549C} = {5854FF58-B8C5-05C6-5BF2-ACE42193F22B}
		{1C0DC8DE-CD82-4717-9486-6AC307FB78E9} = {5854FF58-B8C5-05C6-5BF2-ACE42193F22B}
		{FF684931-DF41-4D46-8A34-4BE1D4ECB494} = {5854FF58-B8C5-05C6-5BF2-ACE42193F22B}
		{262BDA89-C47E-488B-90FB-E679665E7C60} = {4F52FD11-658E-A102-6CD3-7D7C16FFA15B}
		{E31F37BE-77B9-4EAE-A2F5-C9C064E4F74D} = {4F52FD11-658E-A102-6CD3-7D7C16FFA15B}
		{9DAD5E17-1804-46A7-9A2F-CF019F5BE635} = {4F52FD11-658E-A102-6CD3-7D7C16FFA15B}
		{65F89595-5248-4994-80DB-C175AE664ACE} = {0AB3BF05-4346-4AA6-1389-037BE0695223}
	EndGlobalSection
EndGlobal
