Microsoft Visual Studio Solution File, Format Version 12.00
# Visual Studio Version 17
VisualStudioVersion = 17.5.2.0
MinimumVisualStudioVersion = 10.0.40219.1
Project("{FAE04EC0-301F-11D3-BF4B-00C04F79EFBC}") = "WritingService", "WritingService.csproj", "{39CFF0E8-D401-7B15-AAFA-5E2745B694DD}"
EndProject
Global
	GlobalSection(SolutionConfigurationPlatforms) = preSolution
		Debug|Any CPU = Debug|Any CPU
		Release|Any CPU = Release|Any CPU
	EndGlobalSection
	GlobalSection(ProjectConfigurationPlatforms) = postSolution
		{39CFF0E8-D401-7B15-AAFA-5E2745B694DD}.Debug|Any CPU.ActiveCfg = Debug|Any CPU
		{39CFF0E8-D401-7B15-AAFA-5E2745B694DD}.Debug|Any CPU.Build.0 = Debug|Any CPU
		{39CFF0E8-D401-7B15-AAFA-5E2745B694DD}.Release|Any CPU.ActiveCfg = Release|Any CPU
		{39CFF0E8-D401-7B15-AAFA-5E2745B694DD}.Release|Any CPU.Build.0 = Release|Any CPU
	EndGlobalSection
	GlobalSection(SolutionProperties) = preSolution
		HideSolutionNode = FALSE
	EndGlobalSection
	GlobalSection(ExtensibilityGlobals) = postSolution
		SolutionGuid = {350FF38C-D894-4ADE-BF5E-FA83D1B93854}
	EndGlobalSection
EndGlobal
